
Microsoft Visual Studio Solution File, Format Version 12.00
# Visual Studio Version 16
VisualStudioVersion = 16.0.29519.87
MinimumVisualStudioVersion = 10.0.40219.1
Project("{FAE04EC0-301F-11D3-BF4B-00C04F79EFBC}") = "PI4GL2.Data", "PI4GL2.Data\PI4GL2.Data.csproj", "{B57FC6A8-0D2C-485E-8E33-677ED6F06201}"
EndProject
Project("{FAE04EC0-301F-11D3-BF4B-00C04F79EFBC}") = "PI4GL2.Domain", "PI4GL2.Domain\PI4GL2.Domain.csproj", "{767E67A4-9DEC-4E26-AF4C-9EBF9EEC0DCA}"
EndProject
Project("{FAE04EC0-301F-11D3-BF4B-00C04F79EFBC}") = "PI4GL2.Service", "PI4GL2.Service\PI4GL2.Service.csproj", "{BDC5E3E0-538F-4533-BF97-6AFB81C9D407}"
EndProject
Project("{FAE04EC0-301F-11D3-BF4B-00C04F79EFBC}") = "PI4GL2.Service.Pattern", "PI4GL2.Service.Pattern\PI4GL2.Service.Pattern.csproj", "{267CD886-5F28-48F4-B033-2738FD22DC31}"
EndProject
Project("{FAE04EC0-301F-11D3-BF4B-00C04F79EFBC}") = "WebApp", "WebApp\WebApp.csproj", "{1157F5A7-7A34-4FF0-BF3A-780D14CF04C6}"
EndProject
Global
	GlobalSection(SolutionConfigurationPlatforms) = preSolution
		Debug|Any CPU = Debug|Any CPU
		Release|Any CPU = Release|Any CPU
	EndGlobalSection
	GlobalSection(ProjectConfigurationPlatforms) = postSolution
		{B57FC6A8-0D2C-485E-8E33-677ED6F06201}.Debug|Any CPU.ActiveCfg = Debug|Any CPU
		{B57FC6A8-0D2C-485E-8E33-677ED6F06201}.Debug|Any CPU.Build.0 = Debug|Any CPU
		{B57FC6A8-0D2C-485E-8E33-677ED6F06201}.Release|Any CPU.ActiveCfg = Release|Any CPU
		{B57FC6A8-0D2C-485E-8E33-677ED6F06201}.Release|Any CPU.Build.0 = Release|Any CPU
		{767E67A4-9DEC-4E26-AF4C-9EBF9EEC0DCA}.Debug|Any CPU.ActiveCfg = Debug|Any CPU
		{767E67A4-9DEC-4E26-AF4C-9EBF9EEC0DCA}.Debug|Any CPU.Build.0 = Debug|Any CPU
		{767E67A4-9DEC-4E26-AF4C-9EBF9EEC0DCA}.Release|Any CPU.ActiveCfg = Release|Any CPU
		{767E67A4-9DEC-4E26-AF4C-9EBF9EEC0DCA}.Release|Any CPU.Build.0 = Release|Any CPU
		{BDC5E3E0-538F-4533-BF97-6AFB81C9D407}.Debug|Any CPU.ActiveCfg = Debug|Any CPU
		{BDC5E3E0-538F-4533-BF97-6AFB81C9D407}.Debug|Any CPU.Build.0 = Debug|Any CPU
		{BDC5E3E0-538F-4533-BF97-6AFB81C9D407}.Release|Any CPU.ActiveCfg = Release|Any CPU
		{BDC5E3E0-538F-4533-BF97-6AFB81C9D407}.Release|Any CPU.Build.0 = Release|Any CPU
		{267CD886-5F28-48F4-B033-2738FD22DC31}.Debug|Any CPU.ActiveCfg = Debug|Any CPU
		{267CD886-5F28-48F4-B033-2738FD22DC31}.Debug|Any CPU.Build.0 = Debug|Any CPU
		{267CD886-5F28-48F4-B033-2738FD22DC31}.Release|Any CPU.ActiveCfg = Release|Any CPU
		{267CD886-5F28-48F4-B033-2738FD22DC31}.Release|Any CPU.Build.0 = Release|Any CPU
		{1157F5A7-7A34-4FF0-BF3A-780D14CF04C6}.Debug|Any CPU.ActiveCfg = Debug|Any CPU
		{1157F5A7-7A34-4FF0-BF3A-780D14CF04C6}.Debug|Any CPU.Build.0 = Debug|Any CPU
		{1157F5A7-7A34-4FF0-BF3A-780D14CF04C6}.Release|Any CPU.ActiveCfg = Release|Any CPU
		{1157F5A7-7A34-4FF0-BF3A-780D14CF04C6}.Release|Any CPU.Build.0 = Release|Any CPU
	EndGlobalSection
	GlobalSection(SolutionProperties) = preSolution
		HideSolutionNode = FALSE
	EndGlobalSection
	GlobalSection(ExtensibilityGlobals) = postSolution
		SolutionGuid = {7D18F6D5-4E27-4AFC-8218-C078D6AA5D09}
	EndGlobalSection
EndGlobal
